
Microsoft Visual Studio Solution File, Format Version 12.00
# Visual Studio Version 16
VisualStudioVersion = 16.0.29409.12
MinimumVisualStudioVersion = 10.0.40219.1
Project("{9A19103F-16F7-4668-BE54-9A1E7A4F7556}") = "KeepCoding.Core", "KeepCoding\KeepCoding.Core.csproj", "{641BD64E-5398-4E2D-81BF-C473E694BFAE}"
EndProject
Project("{9A19103F-16F7-4668-BE54-9A1E7A4F7556}") = "KeepCoding.Core.Tests", "KeepCoding.Core.Tests\KeepCoding.Core.Tests.csproj", "{FF3D1C19-9036-454C-971B-D364AAA4F94C}"
EndProject
Project("{9A19103F-16F7-4668-BE54-9A1E7A4F7556}") = "KeepCoding.Cli", "KeepCoding.Cli\KeepCoding.Cli.csproj", "{F15EC980-F409-46CB-AA94-0C286FFEA700}"
EndProject
Project("{9A19103F-16F7-4668-BE54-9A1E7A4F7556}") = "KeepCoding.Web", "KeepCoding.Web\KeepCoding.Web.csproj", "{252DEC81-C824-4629-AC32-06718C35A2E7}"
EndProject
Project("{9A19103F-16F7-4668-BE54-9A1E7A4F7556}") = "KeepCoding.API", "KeepCoding.API\KeepCoding.API.csproj", "{874CD0A2-80A3-4970-A177-015ED9F28785}"
EndProject
Project("{FAE04EC0-301F-11D3-BF4B-00C04F79EFBC}") = "KeepCoding.Web.Tests", "KeepCoding.Web.Tests\KeepCoding.Web.Tests.csproj", "{879BE005-8391-47B6-B908-7B9AC1622D03}"
EndProject
Global
	GlobalSection(SolutionConfigurationPlatforms) = preSolution
		Debug|Any CPU = Debug|Any CPU
		Release|Any CPU = Release|Any CPU
	EndGlobalSection
	GlobalSection(ProjectConfigurationPlatforms) = postSolution
		{641BD64E-5398-4E2D-81BF-C473E694BFAE}.Debug|Any CPU.ActiveCfg = Debug|Any CPU
		{641BD64E-5398-4E2D-81BF-C473E694BFAE}.Debug|Any CPU.Build.0 = Debug|Any CPU
		{641BD64E-5398-4E2D-81BF-C473E694BFAE}.Release|Any CPU.ActiveCfg = Release|Any CPU
		{641BD64E-5398-4E2D-81BF-C473E694BFAE}.Release|Any CPU.Build.0 = Release|Any CPU
		{FF3D1C19-9036-454C-971B-D364AAA4F94C}.Debug|Any CPU.ActiveCfg = Debug|Any CPU
		{FF3D1C19-9036-454C-971B-D364AAA4F94C}.Debug|Any CPU.Build.0 = Debug|Any CPU
		{FF3D1C19-9036-454C-971B-D364AAA4F94C}.Release|Any CPU.ActiveCfg = Release|Any CPU
		{FF3D1C19-9036-454C-971B-D364AAA4F94C}.Release|Any CPU.Build.0 = Release|Any CPU
		{F15EC980-F409-46CB-AA94-0C286FFEA700}.Debug|Any CPU.ActiveCfg = Debug|Any CPU
		{F15EC980-F409-46CB-AA94-0C286FFEA700}.Debug|Any CPU.Build.0 = Debug|Any CPU
		{F15EC980-F409-46CB-AA94-0C286FFEA700}.Release|Any CPU.ActiveCfg = Release|Any CPU
		{F15EC980-F409-46CB-AA94-0C286FFEA700}.Release|Any CPU.Build.0 = Release|Any CPU
		{252DEC81-C824-4629-AC32-06718C35A2E7}.Debug|Any CPU.ActiveCfg = Debug|Any CPU
		{252DEC81-C824-4629-AC32-06718C35A2E7}.Debug|Any CPU.Build.0 = Debug|Any CPU
		{252DEC81-C824-4629-AC32-06718C35A2E7}.Release|Any CPU.ActiveCfg = Release|Any CPU
		{252DEC81-C824-4629-AC32-06718C35A2E7}.Release|Any CPU.Build.0 = Release|Any CPU
		{874CD0A2-80A3-4970-A177-015ED9F28785}.Debug|Any CPU.ActiveCfg = Debug|Any CPU
		{874CD0A2-80A3-4970-A177-015ED9F28785}.Debug|Any CPU.Build.0 = Debug|Any CPU
		{874CD0A2-80A3-4970-A177-015ED9F28785}.Release|Any CPU.ActiveCfg = Release|Any CPU
		{874CD0A2-80A3-4970-A177-015ED9F28785}.Release|Any CPU.Build.0 = Release|Any CPU
		{879BE005-8391-47B6-B908-7B9AC1622D03}.Debug|Any CPU.ActiveCfg = Debug|Any CPU
		{879BE005-8391-47B6-B908-7B9AC1622D03}.Debug|Any CPU.Build.0 = Debug|Any CPU
		{879BE005-8391-47B6-B908-7B9AC1622D03}.Release|Any CPU.ActiveCfg = Release|Any CPU
		{879BE005-8391-47B6-B908-7B9AC1622D03}.Release|Any CPU.Build.0 = Release|Any CPU
	EndGlobalSection
	GlobalSection(SolutionProperties) = preSolution
		HideSolutionNode = FALSE
	EndGlobalSection
	GlobalSection(ExtensibilityGlobals) = postSolution
		SolutionGuid = {2E7E43A7-441F-471F-8DE0-6617D57FCB83}
	EndGlobalSection
EndGlobal
